
Microsoft Visual Studio Solution File, Format Version 12.00
# Visual Studio Version 17
VisualStudioVersion = 17.8.34408.163
MinimumVisualStudioVersion = 10.0.40219.1
Project("{9A19103F-16F7-4668-BE54-9A1E7A4F7556}") = "laba 8.2.2", "..\laba 8.2.2\laba 8.2.2.csproj", "{86DF5D7E-58E9-40E7-BA8A-D5ADC666483F}"
EndProject
Global
	GlobalSection(SolutionConfigurationPlatforms) = preSolution
		Debug|Any CPU = Debug|Any CPU
		Release|Any CPU = Release|Any CPU
	EndGlobalSection
	GlobalSection(ProjectConfigurationPlatforms) = postSolution
		{86DF5D7E-58E9-40E7-BA8A-D5ADC666483F}.Debug|Any CPU.ActiveCfg = Debug|Any CPU
		{86DF5D7E-58E9-40E7-BA8A-D5ADC666483F}.Debug|Any CPU.Build.0 = Debug|Any CPU
		{86DF5D7E-58E9-40E7-BA8A-D5ADC666483F}.Release|Any CPU.ActiveCfg = Release|Any CPU
		{86DF5D7E-58E9-40E7-BA8A-D5ADC666483F}.Release|Any CPU.Build.0 = Release|Any CPU
	EndGlobalSection
	GlobalSection(SolutionProperties) = preSolution
		HideSolutionNode = FALSE
	EndGlobalSection
	GlobalSection(ExtensibilityGlobals) = postSolution
		SolutionGuid = {14595690-FF4F-49BF-8D81-AFFD4D3BA996}
	EndGlobalSection
EndGlobal
